// !$*UTF8*$!
{
	archiveVersion = 1;
	classes = {
	};
	objectVersion = 46;
	objects = {

/* Begin PBXBuildFile section */
		22E0AE651CB677FD00733090 /* main.m in Sources */ = {isa = PBXBuildFile; fileRef = 22E0AE641CB677FD00733090 /* main.m */; };
		22E0AE681CB677FD00733090 /* AppDelegate.m in Sources */ = {isa = PBXBuildFile; fileRef = 22E0AE671CB677FD00733090 /* AppDelegate.m */; };
		22E0AE6B1CB677FD00733090 /* ViewController.m in Sources */ = {isa = PBXBuildFile; fileRef = 22E0AE6A1CB677FD00733090 /* ViewController.m */; };
		22E0AE6E1CB677FD00733090 /* Main.storyboard in Resources */ = {isa = PBXBuildFile; fileRef = 22E0AE6C1CB677FD00733090 /* Main.storyboard */; };
		22E0AE701CB677FD00733090 /* Assets.xcassets in Resources */ = {isa = PBXBuildFile; fileRef = 22E0AE6F1CB677FD00733090 /* Assets.xcassets */; };
		22E0AE731CB677FD00733090 /* LaunchScreen.storyboard in Resources */ = {isa = PBXBuildFile; fileRef = 22E0AE711CB677FD00733090 /* LaunchScreen.storyboard */; };
		22E0AE7E1CB677FE00733090 /* HeadsOrTailesTests.m in Sources */ = {isa = PBXBuildFile; fileRef = 22E0AE7D1CB677FE00733090 /* HeadsOrTailesTests.m */; };
		22E0AE891CB677FE00733090 /* HeadsOrTailesUITests.m in Sources */ = {isa = PBXBuildFile; fileRef = 22E0AE881CB677FE00733090 /* HeadsOrTailesUITests.m */; };
/* End PBXBuildFile section */

/* Begin PBXContainerItemProxy section */
		22E0AE7A1CB677FE00733090 /* PBXContainerItemProxy */ = {
			isa = PBXContainerItemProxy;
			containerPortal = 22E0AE581CB677FD00733090 /* Project object */;
			proxyType = 1;
			remoteGlobalIDString = 22E0AE5F1CB677FD00733090;
			remoteInfo = HeadsOrTailes;
		};
		22E0AE851CB677FE00733090 /* PBXContainerItemProxy */ = {
			isa = PBXContainerItemProxy;
			containerPortal = 22E0AE581CB677FD00733090 /* Project object */;
			proxyType = 1;
			remoteGlobalIDString = 22E0AE5F1CB677FD00733090;
			remoteInfo = HeadsOrTailes;
		};
/* End PBXContainerItemProxy section */

/* Begin PBXFileReference section */
		22E0AE601CB677FD00733090 /* HeadsOrTailes.app */ = {isa = PBXFileReference; explicitFileType = wrapper.application; includeInIndex = 0; path = HeadsOrTailes.app; sourceTree = BUILT_PRODUCTS_DIR; };
		22E0AE641CB677FD00733090 /* main.m */ = {isa = PBXFileReference; lastKnownFileType = sourcecode.c.objc; path = main.m; sourceTree = "<group>"; };
		22E0AE661CB677FD00733090 /* AppDelegate.h */ = {isa = PBXFileReference; lastKnownFileType = sourcecode.c.h; path = AppDelegate.h; sourceTree = "<group>"; };
		22E0AE671CB677FD00733090 /* AppDelegate.m */ = {isa = PBXFileReference; lastKnownFileType = sourcecode.c.objc; path = AppDelegate.m; sourceTree = "<group>"; };
		22E0AE691CB677FD00733090 /* ViewController.h */ = {isa = PBXFileReference; lastKnownFileType = sourcecode.c.h; path = ViewController.h; sourceTree = "<group>"; };
		22E0AE6A1CB677FD00733090 /* ViewController.m */ = {isa = PBXFileReference; lastKnownFileType = sourcecode.c.objc; path = ViewController.m; sourceTree = "<group>"; };
		22E0AE6D1CB677FD00733090 /* Base */ = {isa = PBXFileReference; lastKnownFileType = file.storyboard; name = Base; path = Base.lproj/Main.storyboard; sourceTree = "<group>"; };
		22E0AE6F1CB677FD00733090 /* Assets.xcassets */ = {isa = PBXFileReference; lastKnownFileType = folder.assetcatalog; path = Assets.xcassets; sourceTree = "<group>"; };
		22E0AE721CB677FD00733090 /* Base */ = {isa = PBXFileReference; lastKnownFileType = file.storyboard; name = Base; path = Base.lproj/LaunchScreen.storyboard; sourceTree = "<group>"; };
		22E0AE741CB677FD00733090 /* Info.plist */ = {isa = PBXFileReference; lastKnownFileType = text.plist.xml; path = Info.plist; sourceTree = "<group>"; };
		22E0AE791CB677FE00733090 /* HeadsOrTailesTests.xctest */ = {isa = PBXFileReference; explicitFileType = wrapper.cfbundle; includeInIndex = 0; path = HeadsOrTailesTests.xctest; sourceTree = BUILT_PRODUCTS_DIR; };
		22E0AE7D1CB677FE00733090 /* HeadsOrTailesTests.m */ = {isa = PBXFileReference; lastKnownFileType = sourcecode.c.objc; path = HeadsOrTailesTests.m; sourceTree = "<group>"; };
		22E0AE7F1CB677FE00733090 /* Info.plist */ = {isa = PBXFileReference; lastKnownFileType = text.plist.xml; path = Info.plist; sourceTree = "<group>"; };
		22E0AE841CB677FE00733090 /* HeadsOrTailesUITests.xctest */ = {isa = PBXFileReference; explicitFileType = wrapper.cfbundle; includeInIndex = 0; path = HeadsOrTailesUITests.xctest; sourceTree = BUILT_PRODUCTS_DIR; };
		22E0AE881CB677FE00733090 /* HeadsOrTailesUITests.m */ = {isa = PBXFileReference; lastKnownFileType = sourcecode.c.objc; path = HeadsOrTailesUITests.m; sourceTree = "<group>"; };
		22E0AE8A1CB677FE00733090 /* Info.plist */ = {isa = PBXFileReference; lastKnownFileType = text.plist.xml; path = Info.plist; sourceTree = "<group>"; };
/* End PBXFileReference section */

/* Begin PBXFrameworksBuildPhase section */
		22E0AE5D1CB677FD00733090 /* Frameworks */ = {
			isa = PBXFrameworksBuildPhase;
			buildActionMask = 2147483647;
			files = (
			);
			runOnlyForDeploymentPostprocessing = 0;
		};
		22E0AE761CB677FE00733090 /* Frameworks */ = {
			isa = PBXFrameworksBuildPhase;
			buildActionMask = 2147483647;
			files = (
			);
			runOnlyForDeploymentPostprocessing = 0;
		};
		22E0AE811CB677FE00733090 /* Frameworks */ = {
			isa = PBXFrameworksBuildPhase;
			buildActionMask = 2147483647;
			files = (
			);
			runOnlyForDeploymentPostprocessing = 0;
		};
/* End PBXFrameworksBuildPhase section */

/* Begin PBXGroup section */
		22E0AE571CB677FD00733090 = {
			isa = PBXGroup;
			children = (
				22E0AE621CB677FD00733090 /* HeadsOrTailes */,
				22E0AE7C1CB677FE00733090 /* HeadsOrTailesTests */,
				22E0AE871CB677FE00733090 /* HeadsOrTailesUITests */,
				22E0AE611CB677FD00733090 /* Products */,
			);
			sourceTree = "<group>";
		};
		22E0AE611CB677FD00733090 /* Products */ = {
			isa = PBXGroup;
			children = (
				22E0AE601CB677FD00733090 /* HeadsOrTailes.app */,
				22E0AE791CB677FE00733090 /* HeadsOrTailesTests.xctest */,
				22E0AE841CB677FE00733090 /* HeadsOrTailesUITests.xctest */,
			);
			name = Products;
			sourceTree = "<group>";
		};
		22E0AE621CB677FD00733090 /* HeadsOrTailes */ = {
			isa = PBXGroup;
			children = (
				22E0AE661CB677FD00733090 /* AppDelegate.h */,
				22E0AE671CB677FD00733090 /* AppDelegate.m */,
				22E0AE691CB677FD00733090 /* ViewController.h */,
				22E0AE6A1CB677FD00733090 /* ViewController.m */,
				22E0AE6C1CB677FD00733090 /* Main.storyboard */,
				22E0AE6F1CB677FD00733090 /* Assets.xcassets */,
				22E0AE711CB677FD00733090 /* LaunchScreen.storyboard */,
				22E0AE741CB677FD00733090 /* Info.plist */,
				22E0AE631CB677FD00733090 /* Supporting Files */,
			);
			path = HeadsOrTailes;
			sourceTree = "<group>";
		};
		22E0AE631CB677FD00733090 /* Supporting Files */ = {
			isa = PBXGroup;
			children = (
				22E0AE641CB677FD00733090 /* main.m */,
			);
			name = "Supporting Files";
			sourceTree = "<group>";
		};
		22E0AE7C1CB677FE00733090 /* HeadsOrTailesTests */ = {
			isa = PBXGroup;
			children = (
				22E0AE7D1CB677FE00733090 /* HeadsOrTailesTests.m */,
				22E0AE7F1CB677FE00733090 /* Info.plist */,
			);
			path = HeadsOrTailesTests;
			sourceTree = "<group>";
		};
		22E0AE871CB677FE00733090 /* HeadsOrTailesUITests */ = {
			isa = PBXGroup;
			children = (
				22E0AE881CB677FE00733090 /* HeadsOrTailesUITests.m */,
				22E0AE8A1CB677FE00733090 /* Info.plist */,
			);
			path = HeadsOrTailesUITests;
			sourceTree = "<group>";
		};
/* End PBXGroup section */

/* Begin PBXNativeTarget section */
		22E0AE5F1CB677FD00733090 /* HeadsOrTailes */ = {
			isa = PBXNativeTarget;
			buildConfigurationList = 22E0AE8D1CB677FE00733090 /* Build configuration list for PBXNativeTarget "HeadsOrTailes" */;
			buildPhases = (
				22E0AE5C1CB677FD00733090 /* Sources */,
				22E0AE5D1CB677FD00733090 /* Frameworks */,
				22E0AE5E1CB677FD00733090 /* Resources */,
			);
			buildRules = (
			);
			dependencies = (
			);
			name = HeadsOrTailes;
			productName = HeadsOrTailes;
			productReference = 22E0AE601CB677FD00733090 /* HeadsOrTailes.app */;
			productType = "com.apple.product-type.application";
		};
		22E0AE781CB677FE00733090 /* HeadsOrTailesTests */ = {
			isa = PBXNativeTarget;
			buildConfigurationList = 22E0AE901CB677FE00733090 /* Build configuration list for PBXNativeTarget "HeadsOrTailesTests" */;
			buildPhases = (
				22E0AE751CB677FE00733090 /* Sources */,
				22E0AE761CB677FE00733090 /* Frameworks */,
				22E0AE771CB677FE00733090 /* Resources */,
			);
			buildRules = (
			);
			dependencies = (
				22E0AE7B1CB677FE00733090 /* PBXTargetDependency */,
			);
			name = HeadsOrTailesTests;
			productName = HeadsOrTailesTests;
			productReference = 22E0AE791CB677FE00733090 /* HeadsOrTailesTests.xctest */;
			productType = "com.apple.product-type.bundle.unit-test";
		};
		22E0AE831CB677FE00733090 /* HeadsOrTailesUITests */ = {
			isa = PBXNativeTarget;
			buildConfigurationList = 22E0AE931CB677FE00733090 /* Build configuration list for PBXNativeTarget "HeadsOrTailesUITests" */;
			buildPhases = (
				22E0AE801CB677FE00733090 /* Sources */,
				22E0AE811CB677FE00733090 /* Frameworks */,
				22E0AE821CB677FE00733090 /* Resources */,
			);
			buildRules = (
			);
			dependencies = (
				22E0AE861CB677FE00733090 /* PBXTargetDependency */,
			);
			name = HeadsOrTailesUITests;
			productName = HeadsOrTailesUITests;
			productReference = 22E0AE841CB677FE00733090 /* HeadsOrTailesUITests.xctest */;
			productType = "com.apple.product-type.bundle.ui-testing";
		};
/* End PBXNativeTarget section */

/* Begin PBXProject section */
		22E0AE581CB677FD00733090 /* Project object */ = {
			isa = PBXProject;
			attributes = {
				LastUpgradeCheck = 0730;
				ORGANIZATIONNAME = "Jetpack Dinosaur";
				TargetAttributes = {
					22E0AE5F1CB677FD00733090 = {
						CreatedOnToolsVersion = 7.3;
					};
					22E0AE781CB677FE00733090 = {
						CreatedOnToolsVersion = 7.3;
						TestTargetID = 22E0AE5F1CB677FD00733090;
					};
					22E0AE831CB677FE00733090 = {
						CreatedOnToolsVersion = 7.3;
						TestTargetID = 22E0AE5F1CB677FD00733090;
					};
				};
			};
			buildConfigurationList = 22E0AE5B1CB677FD00733090 /* Build configuration list for PBXProject "HeadsOrTailes" */;
			compatibilityVersion = "Xcode 3.2";
			developmentRegion = English;
			hasScannedForEncodings = 0;
			knownRegions = (
				en,
				Base,
			);
			mainGroup = 22E0AE571CB677FD00733090;
			productRefGroup = 22E0AE611CB677FD00733090 /* Products */;
			projectDirPath = "";
			projectRoot = "";
			targets = (
				22E0AE5F1CB677FD00733090 /* HeadsOrTailes */,
				22E0AE781CB677FE00733090 /* HeadsOrTailesTests */,
				22E0AE831CB677FE00733090 /* HeadsOrTailesUITests */,
			);
		};
/* End PBXProject section */

/* Begin PBXResourcesBuildPhase section */
		22E0AE5E1CB677FD00733090 /* Resources */ = {
			isa = PBXResourcesBuildPhase;
			buildActionMask = 2147483647;
			files = (
				22E0AE731CB677FD00733090 /* LaunchScreen.storyboard in Resources */,
				22E0AE701CB677FD00733090 /* Assets.xcassets in Resources */,
				22E0AE6E1CB677FD00733090 /* Main.storyboard in Resources */,
			);
			runOnlyForDeploymentPostprocessing = 0;
		};
		22E0AE771CB677FE00733090 /* Resources */ = {
			isa = PBXResourcesBuildPhase;
			buildActionMask = 2147483647;
			files = (
			);
			runOnlyForDeploymentPostprocessing = 0;
		};
		22E0AE821CB677FE00733090 /* Resources */ = {
			isa = PBXResourcesBuildPhase;
			buildActionMask = 2147483647;
			files = (
			);
			runOnlyForDeploymentPostprocessing = 0;
		};
/* End PBXResourcesBuildPhase section */

/* Begin PBXSourcesBuildPhase section */
		22E0AE5C1CB677FD00733090 /* Sources */ = {
			isa = PBXSourcesBuildPhase;
			buildActionMask = 2147483647;
			files = (
				22E0AE6B1CB677FD00733090 /* ViewController.m in Sources */,
				22E0AE681CB677FD00733090 /* AppDelegate.m in Sources */,
				22E0AE651CB677FD00733090 /* main.m in Sources */,
			);
			runOnlyForDeploymentPostprocessing = 0;
		};
		22E0AE751CB677FE00733090 /* Sources */ = {
			isa = PBXSourcesBuildPhase;
			buildActionMask = 2147483647;
			files = (
				22E0AE7E1CB677FE00733090 /* HeadsOrTailesTests.m in Sources */,
			);
			runOnlyForDeploymentPostprocessing = 0;
		};
		22E0AE801CB677FE00733090 /* Sources */ = {
			isa = PBXSourcesBuildPhase;
			buildActionMask = 2147483647;
			files = (
				22E0AE891CB677FE00733090 /* HeadsOrTailesUITests.m in Sources */,
			);
			runOnlyForDeploymentPostprocessing = 0;
		};
/* End PBXSourcesBuildPhase section */

/* Begin PBXTargetDependency section */
		22E0AE7B1CB677FE00733090 /* PBXTargetDependency */ = {
			isa = PBXTargetDependency;
			target = 22E0AE5F1CB677FD00733090 /* HeadsOrTailes */;
			targetProxy = 22E0AE7A1CB677FE00733090 /* PBXContainerItemProxy */;
		};
		22E0AE861CB677FE00733090 /* PBXTargetDependency */ = {
			isa = PBXTargetDependency;
			target = 22E0AE5F1CB677FD00733090 /* HeadsOrTailes */;
			targetProxy = 22E0AE851CB677FE00733090 /* PBXContainerItemProxy */;
		};
/* End PBXTargetDependency section */

/* Begin PBXVariantGroup section */
		22E0AE6C1CB677FD00733090 /* Main.storyboard */ = {
			isa = PBXVariantGroup;
			children = (
				22E0AE6D1CB677FD00733090 /* Base */,
			);
			name = Main.storyboard;
			sourceTree = "<group>";
		};
		22E0AE711CB677FD00733090 /* LaunchScreen.storyboard */ = {
			isa = PBXVariantGroup;
			children = (
				22E0AE721CB677FD00733090 /* Base */,
			);
			name = LaunchScreen.storyboard;
			sourceTree = "<group>";
		};
/* End PBXVariantGroup section */

/* Begin XCBuildConfiguration section */
		22E0AE8B1CB677FE00733090 /* Debug */ = {
			isa = XCBuildConfiguration;
			buildSettings = {
				ALWAYS_SEARCH_USER_PATHS = NO;
				CLANG_ANALYZER_NONNULL = YES;
				CLANG_CXX_LANGUAGE_STANDARD = "gnu++0x";
				CLANG_CXX_LIBRARY = "libc++";
				CLANG_ENABLE_MODULES = YES;
				CLANG_ENABLE_OBJC_ARC = YES;
				CLANG_WARN_BOOL_CONVERSION = YES;
				CLANG_WARN_CONSTANT_CONVERSION = YES;
				CLANG_WARN_DIRECT_OBJC_ISA_USAGE = YES_ERROR;
				CLANG_WARN_EMPTY_BODY = YES;
				CLANG_WARN_ENUM_CONVERSION = YES;
				CLANG_WARN_INT_CONVERSION = YES;
				CLANG_WARN_OBJC_ROOT_CLASS = YES_ERROR;
				CLANG_WARN_UNREACHABLE_CODE = YES;
				CLANG_WARN__DUPLICATE_METHOD_MATCH = YES;
				"CODE_SIGN_IDENTITY[sdk=iphoneos*]" = "iPhone Developer";
				COPY_PHASE_STRIP = NO;
				DEBUG_INFORMATION_FORMAT = dwarf;
				ENABLE_STRICT_OBJC_MSGSEND = YES;
				ENABLE_TESTABILITY = YES;
				GCC_C_LANGUAGE_STANDARD = gnu99;
				GCC_DYNAMIC_NO_PIC = NO;
				GCC_NO_COMMON_BLOCKS = YES;
				GCC_OPTIMIZATION_LEVEL = 0;
				GCC_PREPROCESSOR_DEFINITIONS = (
					"DEBUG=1",
					"$(inherited)",
				);
				GCC_WARN_64_TO_32_BIT_CONVERSION = YES;
				GCC_WARN_ABOUT_RETURN_TYPE = YES_ERROR;
				GCC_WARN_UNDECLARED_SELECTOR = YES;
				GCC_WARN_UNINITIALIZED_AUTOS = YES_AGGRESSIVE;
				GCC_WARN_UNUSED_FUNCTION = YES;
				GCC_WARN_UNUSED_VARIABLE = YES;
				IPHONEOS_DEPLOYMENT_TARGET = 9.3;
				MTL_ENABLE_DEBUG_INFO = YES;
				ONLY_ACTIVE_ARCH = YES;
				SDKROOT = iphoneos;
				TARGETED_DEVICE_FAMILY = "1,2";
			};
			name = Debug;
		};
		22E0AE8C1CB677FE00733090 /* Release */ = {
			isa = XCBuildConfiguration;
			buildSettings = {
				ALWAYS_SEARCH_USER_PATHS = NO;
				CLANG_ANALYZER_NONNULL = YES;
				CLANG_CXX_LANGUAGE_STANDARD = "gnu++0x";
				CLANG_CXX_LIBRARY = "libc++";
				CLANG_ENABLE_MODULES = YES;
				CLANG_ENABLE_OBJC_ARC = YES;
				CLANG_WARN_BOOL_CONVERSION = YES;
				CLANG_WARN_CONSTANT_CONVERSION = YES;
				CLANG_WARN_DIRECT_OBJC_ISA_USAGE = YES_ERROR;
				CLANG_WARN_EMPTY_BODY = YES;
				CLANG_WARN_ENUM_CONVERSION = YES;
				CLANG_WARN_INT_CONVERSION = YES;
				CLANG_WARN_OBJC_ROOT_CLASS = YES_ERROR;
				CLANG_WARN_UNREACHABLE_CODE = YES;
				CLANG_WARN__DUPLICATE_METHOD_MATCH = YES;
				"CODE_SIGN_IDENTITY[sdk=iphoneos*]" = "iPhone Developer";
				COPY_PHASE_STRIP = NO;
				DEBUG_INFORMATION_FORMAT = "dwarf-with-dsym";
				ENABLE_NS_ASSERTIONS = NO;
				ENABLE_STRICT_OBJC_MSGSEND = YES;
				GCC_C_LANGUAGE_STANDARD = gnu99;
				GCC_NO_COMMON_BLOCKS = YES;
				GCC_WARN_64_TO_32_BIT_CONVERSION = YES;
				GCC_WARN_ABOUT_RETURN_TYPE = YES_ERROR;
				GCC_WARN_UNDECLARED_SELECTOR = YES;
				GCC_WARN_UNINITIALIZED_AUTOS = YES_AGGRESSIVE;
				GCC_WARN_UNUSED_FUNCTION = YES;
				GCC_WARN_UNUSED_VARIABLE = YES;
				IPHONEOS_DEPLOYMENT_TARGET = 9.3;
				MTL_ENABLE_DEBUG_INFO = NO;
				SDKROOT = iphoneos;
				TARGETED_DEVICE_FAMILY = "1,2";
				VALIDATE_PRODUCT = YES;
			};
			name = Release;
		};
		22E0AE8E1CB677FE00733090 /* Debug */ = {
			isa = XCBuildConfiguration;
			buildSettings = {
				ASSETCATALOG_COMPILER_APPICON_NAME = AppIcon;
				INFOPLIST_FILE = HeadsOrTailes/Info.plist;
				LD_RUNPATH_SEARCH_PATHS = "$(inherited) @executable_path/Frameworks";
				PRODUCT_BUNDLE_IDENTIFIER = jetpackDinosaur.HeadsOrTailes;
				PRODUCT_NAME = "$(TARGET_NAME)";
			};
			name = Debug;
		};
		22E0AE8F1CB677FE00733090 /* Release */ = {
			isa = XCBuildConfiguration;
			buildSettings = {
				ASSETCATALOG_COMPILER_APPICON_NAME = AppIcon;
				INFOPLIST_FILE = HeadsOrTailes/Info.plist;
				LD_RUNPATH_SEARCH_PATHS = "$(inherited) @executable_path/Frameworks";
				PRODUCT_BUNDLE_IDENTIFIER = jetpackDinosaur.HeadsOrTailes;
				PRODUCT_NAME = "$(TARGET_NAME)";
			};
			name = Release;
		};
		22E0AE911CB677FE00733090 /* Debug */ = {
			isa = XCBuildConfiguration;
			buildSettings = {
				BUNDLE_LOADER = "$(TEST_HOST)";
				INFOPLIST_FILE = HeadsOrTailesTests/Info.plist;
				LD_RUNPATH_SEARCH_PATHS = "$(inherited) @executable_path/Frameworks @loader_path/Frameworks";
				PRODUCT_BUNDLE_IDENTIFIER = jetpackDinosaur.HeadsOrTailesTests;
				PRODUCT_NAME = "$(TARGET_NAME)";
				TEST_HOST = "$(BUILT_PRODUCTS_DIR)/HeadsOrTailes.app/HeadsOrTailes";
			};
			name = Debug;
		};
		22E0AE921CB677FE00733090 /* Release */ = {
			isa = XCBuildConfiguration;
			buildSettings = {
				BUNDLE_LOADER = "$(TEST_HOST)";
				INFOPLIST_FILE = HeadsOrTailesTests/Info.plist;
				LD_RUNPATH_SEARCH_PATHS = "$(inherited) @executable_path/Frameworks @loader_path/Frameworks";
				PRODUCT_BUNDLE_IDENTIFIER = jetpackDinosaur.HeadsOrTailesTests;
				PRODUCT_NAME = "$(TARGET_NAME)";
				TEST_HOST = "$(BUILT_PRODUCTS_DIR)/HeadsOrTailes.app/HeadsOrTailes";
			};
			name = Release;
		};
		22E0AE941CB677FE00733090 /* Debug */ = {
			isa = XCBuildConfiguration;
			buildSettings = {
				INFOPLIST_FILE = HeadsOrTailesUITests/Info.plist;
				LD_RUNPATH_SEARCH_PATHS = "$(inherited) @executable_path/Frameworks @loader_path/Frameworks";
				PRODUCT_BUNDLE_IDENTIFIER = jetpackDinosaur.HeadsOrTailesUITests;
				PRODUCT_NAME = "$(TARGET_NAME)";
				TEST_TARGET_NAME = HeadsOrTailes;
			};
			name = Debug;
		};
		22E0AE951CB677FE00733090 /* Release */ = {
			isa = XCBuildConfiguration;
			buildSettings = {
				INFOPLIST_FILE = HeadsOrTailesUITests/Info.plist;
				LD_RUNPATH_SEARCH_PATHS = "$(inherited) @executable_path/Frameworks @loader_path/Frameworks";
				PRODUCT_BUNDLE_IDENTIFIER = jetpackDinosaur.HeadsOrTailesUITests;
				PRODUCT_NAME = "$(TARGET_NAME)";
				TEST_TARGET_NAME = HeadsOrTailes;
			};
			name = Release;
		};
/* End XCBuildConfiguration section */

/* Begin XCConfigurationList section */
		22E0AE5B1CB677FD00733090 /* Build configuration list for PBXProject "HeadsOrTailes" */ = {
			isa = XCConfigurationList;
			buildConfigurations = (
				22E0AE8B1CB677FE00733090 /* Debug */,
				22E0AE8C1CB677FE00733090 /* Release */,
			);
			defaultConfigurationIsVisible = 0;
			defaultConfigurationName = Release;
		};
		22E0AE8D1CB677FE00733090 /* Build configuration list for PBXNativeTarget "HeadsOrTailes" */ = {
			isa = XCConfigurationList;
			buildConfigurations = (
				22E0AE8E1CB677FE00733090 /* Debug */,
				22E0AE8F1CB677FE00733090 /* Release */,
			);
			defaultConfigurationIsVisible = 0;
		};
		22E0AE901CB677FE00733090 /* Build configuration list for PBXNativeTarget "HeadsOrTailesTests" */ = {
			isa = XCConfigurationList;
			buildConfigurations = (
				22E0AE911CB677FE00733090 /* Debug */,
				22E0AE921CB677FE00733090 /* Release */,
			);
			defaultConfigurationIsVisible = 0;
		};
		22E0AE931CB677FE00733090 /* Build configuration list for PBXNativeTarget "HeadsOrTailesUITests" */ = {
			isa = XCConfigurationList;
			buildConfigurations = (
				22E0AE941CB677FE00733090 /* Debug */,
				22E0AE951CB677FE00733090 /* Release */,
			);
			defaultConfigurationIsVisible = 0;
		};
/* End XCConfigurationList section */
	};
	rootObject = 22E0AE581CB677FD00733090 /* Project object */;
}
